
Microsoft Visual Studio Solution File, Format Version 12.00
# Visual Studio Version 16
VisualStudioVersion = 16.0.29609.76
MinimumVisualStudioVersion = 10.0.40219.1
Project("{9A19103F-16F7-4668-BE54-9A1E7A4F7556}") = "Cinegy.Telemetry", "Cinegy.Telemetry\Cinegy.Telemetry.csproj", "{2EC208DF-B07F-48C1-ADB7-CB28FC10CEB6}"
EndProject
Project("{9A19103F-16F7-4668-BE54-9A1E7A4F7556}") = "Cinegy.Telemetry.Tests", "Cinegy.Telemetry.Tests\Cinegy.Telemetry.Tests.csproj", "{A0A5A8CD-B37A-437E-9D23-D4DAED049C74}"
EndProject
Project("{2150E333-8FDC-42A3-9474-1A3956D46DE8}") = "Solution Items", "Solution Items", "{E357162A-FA65-4F46-B4B8-390859572498}"
	ProjectSection(SolutionItems) = preProject
		appveyor.yml = appveyor.yml
	EndProjectSection
EndProject
Global
	GlobalSection(SolutionConfigurationPlatforms) = preSolution
		Debug|Any CPU = Debug|Any CPU
		Release|Any CPU = Release|Any CPU
	EndGlobalSection
	GlobalSection(ProjectConfigurationPlatforms) = postSolution
		{2EC208DF-B07F-48C1-ADB7-CB28FC10CEB6}.Debug|Any CPU.ActiveCfg = Debug|Any CPU
		{2EC208DF-B07F-48C1-ADB7-CB28FC10CEB6}.Debug|Any CPU.Build.0 = Debug|Any CPU
		{2EC208DF-B07F-48C1-ADB7-CB28FC10CEB6}.Release|Any CPU.ActiveCfg = Release|Any CPU
		{2EC208DF-B07F-48C1-ADB7-CB28FC10CEB6}.Release|Any CPU.Build.0 = Release|Any CPU
		{A0A5A8CD-B37A-437E-9D23-D4DAED049C74}.Debug|Any CPU.ActiveCfg = Debug|Any CPU
		{A0A5A8CD-B37A-437E-9D23-D4DAED049C74}.Debug|Any CPU.Build.0 = Debug|Any CPU
		{A0A5A8CD-B37A-437E-9D23-D4DAED049C74}.Release|Any CPU.ActiveCfg = Release|Any CPU
		{A0A5A8CD-B37A-437E-9D23-D4DAED049C74}.Release|Any CPU.Build.0 = Release|Any CPU
	EndGlobalSection
	GlobalSection(SolutionProperties) = preSolution
		HideSolutionNode = FALSE
	EndGlobalSection
	GlobalSection(ExtensibilityGlobals) = postSolution
		SolutionGuid = {D828CAD3-D5E5-4A2A-A3BD-694DA79CC342}
	EndGlobalSection
EndGlobal
